
Microsoft Visual Studio Solution File, Format Version 12.00
# Visual Studio Version 17
VisualStudioVersion = 17.10.35004.147
MinimumVisualStudioVersion = 10.0.40219.1
Project("{54A90642-561A-4BB1-A94E-469ADEE60C69}") = "Slidely_Express", "Slidely_Express\Slidely_Express.esproj", "{AD193DB7-A117-4E01-885D-59B9C5998EEC}"
EndProject
Global
	GlobalSection(SolutionConfigurationPlatforms) = preSolution
		Debug|Any CPU = Debug|Any CPU
		Release|Any CPU = Release|Any CPU
	EndGlobalSection
	GlobalSection(ProjectConfigurationPlatforms) = postSolution
		{AD193DB7-A117-4E01-885D-59B9C5998EEC}.Debug|Any CPU.ActiveCfg = Debug|Any CPU
		{AD193DB7-A117-4E01-885D-59B9C5998EEC}.Debug|Any CPU.Build.0 = Debug|Any CPU
		{AD193DB7-A117-4E01-885D-59B9C5998EEC}.Debug|Any CPU.Deploy.0 = Debug|Any CPU
		{AD193DB7-A117-4E01-885D-59B9C5998EEC}.Release|Any CPU.ActiveCfg = Release|Any CPU
		{AD193DB7-A117-4E01-885D-59B9C5998EEC}.Release|Any CPU.Build.0 = Release|Any CPU
		{AD193DB7-A117-4E01-885D-59B9C5998EEC}.Release|Any CPU.Deploy.0 = Release|Any CPU
	EndGlobalSection
	GlobalSection(SolutionProperties) = preSolution
		HideSolutionNode = FALSE
	EndGlobalSection
	GlobalSection(ExtensibilityGlobals) = postSolution
		SolutionGuid = {700249C8-832E-4D91-82B8-9CBF8F71236B}
	EndGlobalSection
EndGlobal
